{
  "name": "hono-mostajs-orm-starter",
  "version": "0.1.0",
  "lockfileVersion": 3,
  "requires": true,
  "packages": {
    "": {
      "name": "hono-mostajs-orm-starter",
      "version": "0.1.0",
      "license": "MIT",
      "dependencies": {
        "@hono/node-server": "^1.13.0",
        "@mostajs/orm": "^2.5.3",
        "hono": "^4.6.0",
        "sql.js": "^1.13.0"
      },
      "devDependencies": {
        "@types/node": "^22.0.0",
        "tsx": "^4.19.0",
        "typescript": "^5.6.0"
      },
      "engines": {
        "node": ">=18.18.0"
      }
    },
    "node_modules/@esbuild/linux-x64": {
      "version": "0.28.0",
      "cpu": [
        "x64"
      ],
      "dev": true,
      "license": "MIT",
      "optional": true,
      "os": [
        "linux"
      ],
      "engines": {
        "node": ">=18"
      }
    },
    "node_modules/@hono/node-server": {
      "version": "1.19.14",
      "license": "MIT",
      "engines": {
        "node": ">=18.14.1"
      },
      "peerDependencies": {
        "hono": "^4"
      }
    },
    "node_modules/@mostajs/config": {
      "version": "1.0.0",
      "license": "AGPL-3.0-or-later",
      "engines": {
        "node": ">=18.0.0"
      },
      "funding": {
        "type": "github",
        "url": "https://github.com/sponsors/apolocine"
      }
    },
    "node_modules/@mostajs/orm": {
      "version": "2.5.3",
      "resolved": "https://registry.npmjs.org/@mostajs/orm/-/orm-2.5.3.tgz",
      "integrity": "sha512-DqtXub7mzH1ObUW2Yf2d/ThYkYEp1dpPP7W1935KWhgCAj968iGX4Op1Scz768ojjfkKoEDXlaZnKk2QPvVaUQ==",
      "license": "AGPL-3.0-or-later",
      "dependencies": {
        "@mostajs/config": "^1.0.0",
        "jiti": "^2.7.0",
        "ts-morph": "^28.0.0"
      },
      "bin": {
        "mostajs-orm-validator": "dist/validator/cli.js"
      },
      "engines": {
        "node": ">=18.0.0"
      },
      "funding": {
        "type": "github",
        "url": "https://github.com/sponsors/apolocine"
      },
      "peerDependencies": {
        "@electric-sql/pglite": ">=0.2.0",
        "@google-cloud/spanner": ">=7.0.0",
        "@mostajs/socle": ">=2.0.0",
        "@sap/hana-client": ">=2.0.0",
        "better-sqlite3": ">=9.0.0",
        "ibm_db": ">=3.0.0",
        "mariadb": ">=3.0.0",
        "mongoose": ">=7.0.0",
        "mssql": ">=10.0.0",
        "mysql2": ">=3.0.0",
        "oracledb": ">=6.0.0",
        "pg": ">=8.0.0",
        "sql.js": ">=1.8.0"
      },
      "peerDependenciesMeta": {
        "@electric-sql/pglite": {
          "optional": true
        },
        "@google-cloud/spanner": {
          "optional": true
        },
        "@sap/hana-client": {
          "optional": true
        },
        "better-sqlite3": {
          "optional": true
        },
        "ibm_db": {
          "optional": true
        },
        "mariadb": {
          "optional": true
        },
        "mongoose": {
          "optional": true
        },
        "mssql": {
          "optional": true
        },
        "mysql2": {
          "optional": true
        },
        "oracledb": {
          "optional": true
        },
        "pg": {
          "optional": true
        },
        "sql.js": {
          "optional": true
        }
      }
    },
    "node_modules/@mostajs/socle": {
      "version": "2.0.6",
      "license": "AGPL-3.0-or-later",
      "peer": true,
      "bin": {
        "mostajs-socle": "dist/cli.js"
      }
    },
    "node_modules/@ts-morph/common": {
      "version": "0.29.0",
      "license": "MIT",
      "dependencies": {
        "minimatch": "^10.0.1",
        "path-browserify": "^1.0.1",
        "tinyglobby": "^0.2.14"
      }
    },
    "node_modules/@types/node": {
      "version": "22.19.19",
      "dev": true,
      "license": "MIT",
      "dependencies": {
        "undici-types": "~6.21.0"
      }
    },
    "node_modules/balanced-match": {
      "version": "4.0.4",
      "license": "MIT",
      "engines": {
        "node": "18 || 20 || >=22"
      }
    },
    "node_modules/brace-expansion": {
      "version": "5.0.6",
      "license": "MIT",
      "dependencies": {
        "balanced-match": "^4.0.2"
      },
      "engines": {
        "node": "18 || 20 || >=22"
      }
    },
    "node_modules/code-block-writer": {
      "version": "13.0.3",
      "license": "MIT"
    },
    "node_modules/esbuild": {
      "version": "0.28.0",
      "dev": true,
      "hasInstallScript": true,
      "license": "MIT",
      "bin": {
        "esbuild": "bin/esbuild"
      },
      "engines": {
        "node": ">=18"
      },
      "optionalDependencies": {
        "@esbuild/aix-ppc64": "0.28.0",
        "@esbuild/android-arm": "0.28.0",
        "@esbuild/android-arm64": "0.28.0",
        "@esbuild/android-x64": "0.28.0",
        "@esbuild/darwin-arm64": "0.28.0",
        "@esbuild/darwin-x64": "0.28.0",
        "@esbuild/freebsd-arm64": "0.28.0",
        "@esbuild/freebsd-x64": "0.28.0",
        "@esbuild/linux-arm": "0.28.0",
        "@esbuild/linux-arm64": "0.28.0",
        "@esbuild/linux-ia32": "0.28.0",
        "@esbuild/linux-loong64": "0.28.0",
        "@esbuild/linux-mips64el": "0.28.0",
        "@esbuild/linux-ppc64": "0.28.0",
        "@esbuild/linux-riscv64": "0.28.0",
        "@esbuild/linux-s390x": "0.28.0",
        "@esbuild/linux-x64": "0.28.0",
        "@esbuild/netbsd-arm64": "0.28.0",
        "@esbuild/netbsd-x64": "0.28.0",
        "@esbuild/openbsd-arm64": "0.28.0",
        "@esbuild/openbsd-x64": "0.28.0",
        "@esbuild/openharmony-arm64": "0.28.0",
        "@esbuild/sunos-x64": "0.28.0",
        "@esbuild/win32-arm64": "0.28.0",
        "@esbuild/win32-ia32": "0.28.0",
        "@esbuild/win32-x64": "0.28.0"
      }
    },
    "node_modules/fdir": {
      "version": "6.5.0",
      "license": "MIT",
      "engines": {
        "node": ">=12.0.0"
      },
      "peerDependencies": {
        "picomatch": "^3 || ^4"
      },
      "peerDependenciesMeta": {
        "picomatch": {
          "optional": true
        }
      }
    },
    "node_modules/hono": {
      "version": "4.12.23",
      "license": "MIT",
      "engines": {
        "node": ">=16.9.0"
      }
    },
    "node_modules/jiti": {
      "version": "2.7.0",
      "license": "MIT",
      "bin": {
        "jiti": "lib/jiti-cli.mjs"
      }
    },
    "node_modules/minimatch": {
      "version": "10.2.5",
      "license": "BlueOak-1.0.0",
      "dependencies": {
        "brace-expansion": "^5.0.5"
      },
      "engines": {
        "node": "18 || 20 || >=22"
      },
      "funding": {
        "url": "https://github.com/sponsors/isaacs"
      }
    },
    "node_modules/path-browserify": {
      "version": "1.0.1",
      "license": "MIT"
    },
    "node_modules/picomatch": {
      "version": "4.0.4",
      "license": "MIT",
      "engines": {
        "node": ">=12"
      },
      "funding": {
        "url": "https://github.com/sponsors/jonschlinkert"
      }
    },
    "node_modules/sql.js": {
      "version": "1.14.1",
      "license": "MIT"
    },
    "node_modules/tinyglobby": {
      "version": "0.2.16",
      "license": "MIT",
      "dependencies": {
        "fdir": "^6.5.0",
        "picomatch": "^4.0.4"
      },
      "engines": {
        "node": ">=12.0.0"
      },
      "funding": {
        "url": "https://github.com/sponsors/SuperchupuDev"
      }
    },
    "node_modules/ts-morph": {
      "version": "28.0.0",
      "license": "MIT",
      "dependencies": {
        "@ts-morph/common": "~0.29.0",
        "code-block-writer": "^13.0.3"
      }
    },
    "node_modules/tsx": {
      "version": "4.22.3",
      "dev": true,
      "license": "MIT",
      "dependencies": {
        "esbuild": "~0.28.0"
      },
      "bin": {
        "tsx": "dist/cli.mjs"
      },
      "engines": {
        "node": ">=18.0.0"
      },
      "optionalDependencies": {
        "fsevents": "~2.3.3"
      }
    },
    "node_modules/typescript": {
      "version": "5.9.3",
      "dev": true,
      "license": "Apache-2.0",
      "bin": {
        "tsc": "bin/tsc",
        "tsserver": "bin/tsserver"
      },
      "engines": {
        "node": ">=14.17"
      }
    },
    "node_modules/undici-types": {
      "version": "6.21.0",
      "dev": true,
      "license": "MIT"
    }
  }
}
